
Microsoft Visual Studio Solution File, Format Version 12.00
# Visual Studio Version 17
VisualStudioVersion = 17.0.32112.339
MinimumVisualStudioVersion = 10.0.40219.1
Project("{9A19103F-16F7-4668-BE54-9A1E7A4F7556}") = "BulkyBookWeb", "BulkyBookWeb\BulkyBookWeb.csproj", "{D82C8189-5ABE-442C-9BAD-308D1BD5F410}"
EndProject
Project("{FAE04EC0-301F-11D3-BF4B-00C04F79EFBC}") = "BulkyBook.DataAccess", "BulkyBook.DataAccess\BulkyBook.DataAccess.csproj", "{DEC75EDD-CD28-49ED-A071-4957D0BD3B07}"
EndProject
Project("{FAE04EC0-301F-11D3-BF4B-00C04F79EFBC}") = "BulkyBook.Models", "BulkyBook.Models\BulkyBook.Models.csproj", "{35D8598C-1D84-4756-B0E0-F8A0096F2D4F}"
EndProject
Project("{FAE04EC0-301F-11D3-BF4B-00C04F79EFBC}") = "BulkyBook.Utility", "BulkyBook.Utility\BulkyBook.Utility.csproj", "{089E1CA9-912F-4C39-822C-52DB0A6D686F}"
EndProject
Global
	GlobalSection(SolutionConfigurationPlatforms) = preSolution
		Debug|Any CPU = Debug|Any CPU
		Release|Any CPU = Release|Any CPU
	EndGlobalSection
	GlobalSection(ProjectConfigurationPlatforms) = postSolution
		{D82C8189-5ABE-442C-9BAD-308D1BD5F410}.Debug|Any CPU.ActiveCfg = Debug|Any CPU
		{D82C8189-5ABE-442C-9BAD-308D1BD5F410}.Debug|Any CPU.Build.0 = Debug|Any CPU
		{D82C8189-5ABE-442C-9BAD-308D1BD5F410}.Release|Any CPU.ActiveCfg = Release|Any CPU
		{D82C8189-5ABE-442C-9BAD-308D1BD5F410}.Release|Any CPU.Build.0 = Release|Any CPU
		{DEC75EDD-CD28-49ED-A071-4957D0BD3B07}.Debug|Any CPU.ActiveCfg = Debug|Any CPU
		{DEC75EDD-CD28-49ED-A071-4957D0BD3B07}.Debug|Any CPU.Build.0 = Debug|Any CPU
		{DEC75EDD-CD28-49ED-A071-4957D0BD3B07}.Release|Any CPU.ActiveCfg = Release|Any CPU
		{DEC75EDD-CD28-49ED-A071-4957D0BD3B07}.Release|Any CPU.Build.0 = Release|Any CPU
		{35D8598C-1D84-4756-B0E0-F8A0096F2D4F}.Debug|Any CPU.ActiveCfg = Debug|Any CPU
		{35D8598C-1D84-4756-B0E0-F8A0096F2D4F}.Debug|Any CPU.Build.0 = Debug|Any CPU
		{35D8598C-1D84-4756-B0E0-F8A0096F2D4F}.Release|Any CPU.ActiveCfg = Release|Any CPU
		{35D8598C-1D84-4756-B0E0-F8A0096F2D4F}.Release|Any CPU.Build.0 = Release|Any CPU
		{089E1CA9-912F-4C39-822C-52DB0A6D686F}.Debug|Any CPU.ActiveCfg = Debug|Any CPU
		{089E1CA9-912F-4C39-822C-52DB0A6D686F}.Debug|Any CPU.Build.0 = Debug|Any CPU
		{089E1CA9-912F-4C39-822C-52DB0A6D686F}.Release|Any CPU.ActiveCfg = Release|Any CPU
		{089E1CA9-912F-4C39-822C-52DB0A6D686F}.Release|Any CPU.Build.0 = Release|Any CPU
	EndGlobalSection
	GlobalSection(SolutionProperties) = preSolution
		HideSolutionNode = FALSE
	EndGlobalSection
	GlobalSection(ExtensibilityGlobals) = postSolution
		SolutionGuid = {E6EDE34B-34A8-4E95-87B1-EF222C3A6FDD}
	EndGlobalSection
EndGlobal
